
Microsoft Visual Studio Solution File, Format Version 12.00
# Visual Studio Version 16
VisualStudioVersion = 16.0.31515.178
MinimumVisualStudioVersion = 10.0.40219.1
Project("{00D1A9C2-B5F0-4AF3-8072-F6C62B433612}") = "Hospital.DataBase", "src\Hospital.DataBase\Hospital.DataBase.sqlproj", "{8B59D0C9-6440-4E2E-9878-428107BCF8DB}"
EndProject
Project("{2150E333-8FDC-42A3-9474-1A3956D46DE8}") = "src", "src", "{169829D7-364B-499F-9AB9-5993D89DD010}"
EndProject
Project("{2150E333-8FDC-42A3-9474-1A3956D46DE8}") = "test", "test", "{8B964CF4-E4ED-4015-A346-8431B00DC9D8}"
EndProject
Project("{9A19103F-16F7-4668-BE54-9A1E7A4F7556}") = "Hospital.DataAccess", "src\Hospital.DataAccess\Hospital.DataAccess.csproj", "{1341DE35-EDB6-483C-AD50-1F154735ED0A}"
EndProject
Project("{FAE04EC0-301F-11D3-BF4B-00C04F79EFBC}") = "HospitalTest", "test\HospitalTest\HospitalTest.csproj", "{4D15A956-9130-47DD-9B70-E29C805768E5}"
EndProject
Global
	GlobalSection(SolutionConfigurationPlatforms) = preSolution
		Debug|Any CPU = Debug|Any CPU
		Release|Any CPU = Release|Any CPU
	EndGlobalSection
	GlobalSection(ProjectConfigurationPlatforms) = postSolution
		{8B59D0C9-6440-4E2E-9878-428107BCF8DB}.Debug|Any CPU.ActiveCfg = Debug|Any CPU
		{8B59D0C9-6440-4E2E-9878-428107BCF8DB}.Debug|Any CPU.Build.0 = Debug|Any CPU
		{8B59D0C9-6440-4E2E-9878-428107BCF8DB}.Debug|Any CPU.Deploy.0 = Debug|Any CPU
		{8B59D0C9-6440-4E2E-9878-428107BCF8DB}.Release|Any CPU.ActiveCfg = Release|Any CPU
		{8B59D0C9-6440-4E2E-9878-428107BCF8DB}.Release|Any CPU.Build.0 = Release|Any CPU
		{8B59D0C9-6440-4E2E-9878-428107BCF8DB}.Release|Any CPU.Deploy.0 = Release|Any CPU
		{1341DE35-EDB6-483C-AD50-1F154735ED0A}.Debug|Any CPU.ActiveCfg = Debug|Any CPU
		{1341DE35-EDB6-483C-AD50-1F154735ED0A}.Debug|Any CPU.Build.0 = Debug|Any CPU
		{1341DE35-EDB6-483C-AD50-1F154735ED0A}.Release|Any CPU.ActiveCfg = Release|Any CPU
		{1341DE35-EDB6-483C-AD50-1F154735ED0A}.Release|Any CPU.Build.0 = Release|Any CPU
		{4D15A956-9130-47DD-9B70-E29C805768E5}.Debug|Any CPU.ActiveCfg = Debug|Any CPU
		{4D15A956-9130-47DD-9B70-E29C805768E5}.Debug|Any CPU.Build.0 = Debug|Any CPU
		{4D15A956-9130-47DD-9B70-E29C805768E5}.Release|Any CPU.ActiveCfg = Release|Any CPU
		{4D15A956-9130-47DD-9B70-E29C805768E5}.Release|Any CPU.Build.0 = Release|Any CPU
	EndGlobalSection
	GlobalSection(SolutionProperties) = preSolution
		HideSolutionNode = FALSE
	EndGlobalSection
	GlobalSection(NestedProjects) = preSolution
		{8B59D0C9-6440-4E2E-9878-428107BCF8DB} = {169829D7-364B-499F-9AB9-5993D89DD010}
		{1341DE35-EDB6-483C-AD50-1F154735ED0A} = {169829D7-364B-499F-9AB9-5993D89DD010}
		{4D15A956-9130-47DD-9B70-E29C805768E5} = {8B964CF4-E4ED-4015-A346-8431B00DC9D8}
	EndGlobalSection
	GlobalSection(ExtensibilityGlobals) = postSolution
		SolutionGuid = {7A0FE247-D0AA-412A-AA71-7A1B1BA9CB2E}
	EndGlobalSection
EndGlobal
